
Microsoft Visual Studio Solution File, Format Version 12.00
# Visual Studio 15
VisualStudioVersion = 15.0.27703.2042
MinimumVisualStudioVersion = 10.0.40219.1
Project("{FAE04EC0-301F-11D3-BF4B-00C04F79EFBC}") = "pr_1", "PrakticheskayaRabota6\pr_1.csproj", "{AC0E3803-7F01-4976-9454-E94C798766A6}"
EndProject
Global
	GlobalSection(SolutionConfigurationPlatforms) = preSolution
		Debug|Any CPU = Debug|Any CPU
		Release|Any CPU = Release|Any CPU
	EndGlobalSection
	GlobalSection(ProjectConfigurationPlatforms) = postSolution
		{AC0E3803-7F01-4976-9454-E94C798766A6}.Debug|Any CPU.ActiveCfg = Debug|Any CPU
		{AC0E3803-7F01-4976-9454-E94C798766A6}.Debug|Any CPU.Build.0 = Debug|Any CPU
		{AC0E3803-7F01-4976-9454-E94C798766A6}.Release|Any CPU.ActiveCfg = Release|Any CPU
		{AC0E3803-7F01-4976-9454-E94C798766A6}.Release|Any CPU.Build.0 = Release|Any CPU
	EndGlobalSection
	GlobalSection(SolutionProperties) = preSolution
		HideSolutionNode = FALSE
	EndGlobalSection
	GlobalSection(ExtensibilityGlobals) = postSolution
		SolutionGuid = {488C61AC-B1F3-401B-B39E-64F666638F71}
	EndGlobalSection
EndGlobal
